
Microsoft Visual Studio Solution File, Format Version 12.00
# Visual Studio 15
VisualStudioVersion = 15.0.27130.2010
MinimumVisualStudioVersion = 10.0.40219.1
Project("{FAE04EC0-301F-11D3-BF4B-00C04F79EFBC}") = "Stuff.App", "Stuff.App\Stuff.App.csproj", "{45C278B6-1B18-4276-9703-6F00CEFD2288}"
EndProject
Global
	GlobalSection(SolutionConfigurationPlatforms) = preSolution
		Debug|Any CPU = Debug|Any CPU
		Release|Any CPU = Release|Any CPU
	EndGlobalSection
	GlobalSection(ProjectConfigurationPlatforms) = postSolution
		{45C278B6-1B18-4276-9703-6F00CEFD2288}.Debug|Any CPU.ActiveCfg = Debug|Any CPU
		{45C278B6-1B18-4276-9703-6F00CEFD2288}.Debug|Any CPU.Build.0 = Debug|Any CPU
		{45C278B6-1B18-4276-9703-6F00CEFD2288}.Release|Any CPU.ActiveCfg = Release|Any CPU
		{45C278B6-1B18-4276-9703-6F00CEFD2288}.Release|Any CPU.Build.0 = Release|Any CPU
	EndGlobalSection
	GlobalSection(SolutionProperties) = preSolution
		HideSolutionNode = FALSE
	EndGlobalSection
	GlobalSection(ExtensibilityGlobals) = postSolution
		SolutionGuid = {22A91ACD-290F-4BB7-89A3-5389A5D50DE7}
	EndGlobalSection
EndGlobal
